// !$*UTF8*$!
{
	archiveVersion = 1;
	classes = {
	};
	objectVersion = 46;
	objects = {

/* Begin PBXBuildFile section */
		0A7713091DF905AE0009867F /* Printer.h in Headers */ = {isa = PBXBuildFile; fileRef = 0A7712FB1DF905AE0009867F /* Printer.h */; settings = {ATTRIBUTES = (Public, ); }; };
		5BD9B60222EE1B4900174ABA /* DummyPrinter.swift in Sources */ = {isa = PBXBuildFile; fileRef = 5BD9B5ED22EE1B4900174ABA /* DummyPrinter.swift */; };
		5BD9B60322EE1B4900174ABA /* Todo.swift in Sources */ = {isa = PBXBuildFile; fileRef = 5BD9B5EF22EE1B4900174ABA /* Todo.swift */; };
		5BD9B60422EE1B4900174ABA /* BluetoothPrinterSelectTableViewController.swift in Sources */ = {isa = PBXBuildFile; fileRef = 5BD9B5F122EE1B4900174ABA /* BluetoothPrinterSelectTableViewController.swift */; };
		5BD9B60522EE1B4900174ABA /* BluetoothCentralManagerDelegate.swift in Sources */ = {isa = PBXBuildFile; fileRef = 5BD9B5F222EE1B4900174ABA /* BluetoothCentralManagerDelegate.swift */; };
		5BD9B60622EE1B4900174ABA /* BluetoothPrinterManager.swift in Sources */ = {isa = PBXBuildFile; fileRef = 5BD9B5F322EE1B4900174ABA /* BluetoothPrinterManager.swift */; };
		5BD9B60722EE1B4900174ABA /* BluetoothPeripheralDelegate.swift in Sources */ = {isa = PBXBuildFile; fileRef = 5BD9B5F422EE1B4900174ABA /* BluetoothPeripheralDelegate.swift */; };
		5BD9B60822EE1B4900174ABA /* PrinterError.swift in Sources */ = {isa = PBXBuildFile; fileRef = 5BD9B5F622EE1B4900174ABA /* PrinterError.swift */; };
		5BD9B60922EE1B4900174ABA /* Printable.swift in Sources */ = {isa = PBXBuildFile; fileRef = 5BD9B5F722EE1B4900174ABA /* Printable.swift */; };
		5BD9B60A22EE1B4900174ABA /* Dividing.swift in Sources */ = {isa = PBXBuildFile; fileRef = 5BD9B5F922EE1B4900174ABA /* Dividing.swift */; };
		5BD9B60B22EE1B4900174ABA /* ESC_POSCommand.swift in Sources */ = {isa = PBXBuildFile; fileRef = 5BD9B5FA22EE1B4900174ABA /* ESC_POSCommand.swift */; };
		5BD9B60C22EE1B4900174ABA /* Blank.swift in Sources */ = {isa = PBXBuildFile; fileRef = 5BD9B5FB22EE1B4900174ABA /* Blank.swift */; };
		5BD9B60D22EE1B4900174ABA /* TicketImage.swift in Sources */ = {isa = PBXBuildFile; fileRef = 5BD9B5FC22EE1B4900174ABA /* TicketImage.swift */; };
		5BD9B60E22EE1B4900174ABA /* Block.swift in Sources */ = {isa = PBXBuildFile; fileRef = 5BD9B5FD22EE1B4900174ABA /* Block.swift */; };
		5BD9B60F22EE1B4900174ABA /* Image.swift in Sources */ = {isa = PBXBuildFile; fileRef = 5BD9B5FE22EE1B4900174ABA /* Image.swift */; };
		5BD9B61022EE1B4900174ABA /* Ticket.swift in Sources */ = {isa = PBXBuildFile; fileRef = 5BD9B5FF22EE1B4900174ABA /* Ticket.swift */; };
		5BD9B61122EE1B4900174ABA /* QRCode.swift in Sources */ = {isa = PBXBuildFile; fileRef = 5BD9B60022EE1B4900174ABA /* QRCode.swift */; };
		5BD9B61222EE1B4900174ABA /* Text.swift in Sources */ = {isa = PBXBuildFile; fileRef = 5BD9B60122EE1B4900174ABA /* Text.swift */; };
		F11A018D2719F1C2005F0353 /* PrinterTests.swift in Sources */ = {isa = PBXBuildFile; fileRef = F11A018C2719F1C2005F0353 /* PrinterTests.swift */; };
		F11A018F2719F1C2005F0353 /* Printer.framework in Frameworks */ = {isa = PBXBuildFile; fileRef = 0A7712F81DF905AE0009867F /* Printer.framework */; };
		F135FDAD2719F94B0071E64B /* README.md in Resources */ = {isa = PBXBuildFile; fileRef = F135FDAC2719F94B0071E64B /* README.md */; };
/* End PBXBuildFile section */

/* Begin PBXContainerItemProxy section */
		F11A01902719F1C2005F0353 /* PBXContainerItemProxy */ = {
			isa = PBXContainerItemProxy;
			containerPortal = 0A7712EF1DF905AE0009867F /* Project object */;
			proxyType = 1;
			remoteGlobalIDString = 0A7712F71DF905AE0009867F;
			remoteInfo = Printer;
		};
/* End PBXContainerItemProxy section */

/* Begin PBXFileReference section */
		0A7712F81DF905AE0009867F /* Printer.framework */ = {isa = PBXFileReference; explicitFileType = wrapper.framework; includeInIndex = 0; path = Printer.framework; sourceTree = BUILT_PRODUCTS_DIR; };
		0A7712FB1DF905AE0009867F /* Printer.h */ = {isa = PBXFileReference; lastKnownFileType = sourcecode.c.h; path = Printer.h; sourceTree = "<group>"; };
		0A7712FC1DF905AE0009867F /* Info.plist */ = {isa = PBXFileReference; lastKnownFileType = text.plist.xml; path = Info.plist; sourceTree = "<group>"; };
		5BD9B5ED22EE1B4900174ABA /* DummyPrinter.swift */ = {isa = PBXFileReference; fileEncoding = 4; lastKnownFileType = sourcecode.swift; path = DummyPrinter.swift; sourceTree = "<group>"; };
		5BD9B5EF22EE1B4900174ABA /* Todo.swift */ = {isa = PBXFileReference; fileEncoding = 4; lastKnownFileType = sourcecode.swift; path = Todo.swift; sourceTree = "<group>"; };
		5BD9B5F122EE1B4900174ABA /* BluetoothPrinterSelectTableViewController.swift */ = {isa = PBXFileReference; fileEncoding = 4; lastKnownFileType = sourcecode.swift; path = BluetoothPrinterSelectTableViewController.swift; sourceTree = "<group>"; };
		5BD9B5F222EE1B4900174ABA /* BluetoothCentralManagerDelegate.swift */ = {isa = PBXFileReference; fileEncoding = 4; lastKnownFileType = sourcecode.swift; path = BluetoothCentralManagerDelegate.swift; sourceTree = "<group>"; };
		5BD9B5F322EE1B4900174ABA /* BluetoothPrinterManager.swift */ = {isa = PBXFileReference; fileEncoding = 4; lastKnownFileType = sourcecode.swift; path = BluetoothPrinterManager.swift; sourceTree = "<group>"; };
		5BD9B5F422EE1B4900174ABA /* BluetoothPeripheralDelegate.swift */ = {isa = PBXFileReference; fileEncoding = 4; lastKnownFileType = sourcecode.swift; path = BluetoothPeripheralDelegate.swift; sourceTree = "<group>"; };
		5BD9B5F622EE1B4900174ABA /* PrinterError.swift */ = {isa = PBXFileReference; fileEncoding = 4; lastKnownFileType = sourcecode.swift; path = PrinterError.swift; sourceTree = "<group>"; };
		5BD9B5F722EE1B4900174ABA /* Printable.swift */ = {isa = PBXFileReference; fileEncoding = 4; lastKnownFileType = sourcecode.swift; path = Printable.swift; sourceTree = "<group>"; };
		5BD9B5F922EE1B4900174ABA /* Dividing.swift */ = {isa = PBXFileReference; fileEncoding = 4; lastKnownFileType = sourcecode.swift; path = Dividing.swift; sourceTree = "<group>"; };
		5BD9B5FA22EE1B4900174ABA /* ESC_POSCommand.swift */ = {isa = PBXFileReference; fileEncoding = 4; lastKnownFileType = sourcecode.swift; path = ESC_POSCommand.swift; sourceTree = "<group>"; };
		5BD9B5FB22EE1B4900174ABA /* Blank.swift */ = {isa = PBXFileReference; fileEncoding = 4; lastKnownFileType = sourcecode.swift; path = Blank.swift; sourceTree = "<group>"; };
		5BD9B5FC22EE1B4900174ABA /* TicketImage.swift */ = {isa = PBXFileReference; fileEncoding = 4; lastKnownFileType = sourcecode.swift; path = TicketImage.swift; sourceTree = "<group>"; };
		5BD9B5FD22EE1B4900174ABA /* Block.swift */ = {isa = PBXFileReference; fileEncoding = 4; lastKnownFileType = sourcecode.swift; path = Block.swift; sourceTree = "<group>"; };
		5BD9B5FE22EE1B4900174ABA /* Image.swift */ = {isa = PBXFileReference; fileEncoding = 4; lastKnownFileType = sourcecode.swift; path = Image.swift; sourceTree = "<group>"; };
		5BD9B5FF22EE1B4900174ABA /* Ticket.swift */ = {isa = PBXFileReference; fileEncoding = 4; lastKnownFileType = sourcecode.swift; path = Ticket.swift; sourceTree = "<group>"; };
		5BD9B60022EE1B4900174ABA /* QRCode.swift */ = {isa = PBXFileReference; fileEncoding = 4; lastKnownFileType = sourcecode.swift; path = QRCode.swift; sourceTree = "<group>"; };
		5BD9B60122EE1B4900174ABA /* Text.swift */ = {isa = PBXFileReference; fileEncoding = 4; lastKnownFileType = sourcecode.swift; path = Text.swift; sourceTree = "<group>"; };
		F11A018A2719F1C2005F0353 /* PrinterTests.xctest */ = {isa = PBXFileReference; explicitFileType = wrapper.cfbundle; includeInIndex = 0; path = PrinterTests.xctest; sourceTree = BUILT_PRODUCTS_DIR; };
		F11A018C2719F1C2005F0353 /* PrinterTests.swift */ = {isa = PBXFileReference; lastKnownFileType = sourcecode.swift; path = PrinterTests.swift; sourceTree = "<group>"; };
		F11A018E2719F1C2005F0353 /* Info.plist */ = {isa = PBXFileReference; lastKnownFileType = text.plist.xml; path = Info.plist; sourceTree = "<group>"; };
		F135FDAC2719F94B0071E64B /* README.md */ = {isa = PBXFileReference; fileEncoding = 4; lastKnownFileType = net.daringfireball.markdown; path = README.md; sourceTree = "<group>"; };
		F135FDAE2719F9DA0071E64B /* Package.swift */ = {isa = PBXFileReference; lastKnownFileType = sourcecode.swift; path = Package.swift; sourceTree = "<group>"; };
/* End PBXFileReference section */

/* Begin PBXFrameworksBuildPhase section */
		0A7712F41DF905AE0009867F /* Frameworks */ = {
			isa = PBXFrameworksBuildPhase;
			buildActionMask = 2147483647;
			files = (
			);
			runOnlyForDeploymentPostprocessing = 0;
		};
		F11A01872719F1C2005F0353 /* Frameworks */ = {
			isa = PBXFrameworksBuildPhase;
			buildActionMask = 2147483647;
			files = (
				F11A018F2719F1C2005F0353 /* Printer.framework in Frameworks */,
			);
			runOnlyForDeploymentPostprocessing = 0;
		};
/* End PBXFrameworksBuildPhase section */

/* Begin PBXGroup section */
		0A7712EE1DF905AE0009867F = {
			isa = PBXGroup;
			children = (
				F135FDAC2719F94B0071E64B /* README.md */,
				F135FDAE2719F9DA0071E64B /* Package.swift */,
				5BD9B5EA22EE1B4900174ABA /* Sources */,
				F11A01952719F1D7005F0353 /* Tests */,
				0A7712F91DF905AE0009867F /* Products */,
			);
			sourceTree = "<group>";
		};
		0A7712F91DF905AE0009867F /* Products */ = {
			isa = PBXGroup;
			children = (
				0A7712F81DF905AE0009867F /* Printer.framework */,
				F11A018A2719F1C2005F0353 /* PrinterTests.xctest */,
			);
			name = Products;
			sourceTree = "<group>";
		};
		5BD9B5EA22EE1B4900174ABA /* Sources */ = {
			isa = PBXGroup;
			children = (
				F11A01852719EF5A005F0353 /* Printer */,
			);
			path = Sources;
			sourceTree = "<group>";
		};
		5BD9B5EB22EE1B4900174ABA /* Hardware */ = {
			isa = PBXGroup;
			children = (
				5BD9B5EC22EE1B4900174ABA /* Dummy */,
				5BD9B5EE22EE1B4900174ABA /* Network */,
				5BD9B5F022EE1B4900174ABA /* Bluetooth */,
			);
			path = Hardware;
			sourceTree = "<group>";
		};
		5BD9B5EC22EE1B4900174ABA /* Dummy */ = {
			isa = PBXGroup;
			children = (
				5BD9B5ED22EE1B4900174ABA /* DummyPrinter.swift */,
			);
			path = Dummy;
			sourceTree = "<group>";
		};
		5BD9B5EE22EE1B4900174ABA /* Network */ = {
			isa = PBXGroup;
			children = (
				5BD9B5EF22EE1B4900174ABA /* Todo.swift */,
			);
			path = Network;
			sourceTree = "<group>";
		};
		5BD9B5F022EE1B4900174ABA /* Bluetooth */ = {
			isa = PBXGroup;
			children = (
				5BD9B5F122EE1B4900174ABA /* BluetoothPrinterSelectTableViewController.swift */,
				5BD9B5F222EE1B4900174ABA /* BluetoothCentralManagerDelegate.swift */,
				5BD9B5F322EE1B4900174ABA /* BluetoothPrinterManager.swift */,
				5BD9B5F422EE1B4900174ABA /* BluetoothPeripheralDelegate.swift */,
			);
			path = Bluetooth;
			sourceTree = "<group>";
		};
		5BD9B5F522EE1B4900174ABA /* Utils */ = {
			isa = PBXGroup;
			children = (
				5BD9B5F622EE1B4900174ABA /* PrinterError.swift */,
				5BD9B5F722EE1B4900174ABA /* Printable.swift */,
			);
			path = Utils;
			sourceTree = "<group>";
		};
		5BD9B5F822EE1B4900174ABA /* Ticket */ = {
			isa = PBXGroup;
			children = (
				5BD9B5FF22EE1B4900174ABA /* Ticket.swift */,
				5BD9B61622EE1B9C00174ABA /* Block */,
				5BD9B61422EE1B8800174ABA /* Util */,
				5BD9B61322EE1B7A00174ABA /* Command */,
			);
			path = Ticket;
			sourceTree = "<group>";
		};
		5BD9B61322EE1B7A00174ABA /* Command */ = {
			isa = PBXGroup;
			children = (
				5BD9B5FA22EE1B4900174ABA /* ESC_POSCommand.swift */,
			);
			name = Command;
			sourceTree = "<group>";
		};
		5BD9B61422EE1B8800174ABA /* Util */ = {
			isa = PBXGroup;
			children = (
				5BD9B5FE22EE1B4900174ABA /* Image.swift */,
			);
			name = Util;
			sourceTree = "<group>";
		};
		5BD9B61622EE1B9C00174ABA /* Block */ = {
			isa = PBXGroup;
			children = (
				5BD9B5FD22EE1B4900174ABA /* Block.swift */,
				5BD9B5FB22EE1B4900174ABA /* Blank.swift */,
				5BD9B5F922EE1B4900174ABA /* Dividing.swift */,
				5BD9B5FC22EE1B4900174ABA /* TicketImage.swift */,
				5BD9B60022EE1B4900174ABA /* QRCode.swift */,
				5BD9B60122EE1B4900174ABA /* Text.swift */,
			);
			name = Block;
			sourceTree = "<group>";
		};
		F11A01852719EF5A005F0353 /* Printer */ = {
			isa = PBXGroup;
			children = (
				0A7712FC1DF905AE0009867F /* Info.plist */,
				0A7712FB1DF905AE0009867F /* Printer.h */,
				5BD9B5EB22EE1B4900174ABA /* Hardware */,
				5BD9B5F522EE1B4900174ABA /* Utils */,
				5BD9B5F822EE1B4900174ABA /* Ticket */,
			);
			path = Printer;
			sourceTree = "<group>";
		};
		F11A018B2719F1C2005F0353 /* PrinterTests */ = {
			isa = PBXGroup;
			children = (
				F11A018C2719F1C2005F0353 /* PrinterTests.swift */,
				F11A018E2719F1C2005F0353 /* Info.plist */,
			);
			path = PrinterTests;
			sourceTree = "<group>";
		};
		F11A01952719F1D7005F0353 /* Tests */ = {
			isa = PBXGroup;
			children = (
				F11A018B2719F1C2005F0353 /* PrinterTests */,
			);
			path = Tests;
			sourceTree = "<group>";
		};
/* End PBXGroup section */

/* Begin PBXHeadersBuildPhase section */
		0A7712F51DF905AE0009867F /* Headers */ = {
			isa = PBXHeadersBuildPhase;
			buildActionMask = 2147483647;
			files = (
				0A7713091DF905AE0009867F /* Printer.h in Headers */,
			);
			runOnlyForDeploymentPostprocessing = 0;
		};
/* End PBXHeadersBuildPhase section */

/* Begin PBXNativeTarget section */
		0A7712F71DF905AE0009867F /* Printer */ = {
			isa = PBXNativeTarget;
			buildConfigurationList = 0A77130C1DF905AE0009867F /* Build configuration list for PBXNativeTarget "Printer" */;
			buildPhases = (
				0A7712F31DF905AE0009867F /* Sources */,
				0A7712F41DF905AE0009867F /* Frameworks */,
				0A7712F51DF905AE0009867F /* Headers */,
				0A7712F61DF905AE0009867F /* Resources */,
			);
			buildRules = (
			);
			dependencies = (
			);
			name = Printer;
			productName = Printer;
			productReference = 0A7712F81DF905AE0009867F /* Printer.framework */;
			productType = "com.apple.product-type.framework";
		};
		F11A01892719F1C2005F0353 /* PrinterTests */ = {
			isa = PBXNativeTarget;
			buildConfigurationList = F11A01922719F1C2005F0353 /* Build configuration list for PBXNativeTarget "PrinterTests" */;
			buildPhases = (
				F11A01862719F1C2005F0353 /* Sources */,
				F11A01872719F1C2005F0353 /* Frameworks */,
				F11A01882719F1C2005F0353 /* Resources */,
			);
			buildRules = (
			);
			dependencies = (
				F11A01912719F1C2005F0353 /* PBXTargetDependency */,
			);
			name = PrinterTests;
			productName = PrinterTests;
			productReference = F11A018A2719F1C2005F0353 /* PrinterTests.xctest */;
			productType = "com.apple.product-type.bundle.unit-test";
		};
/* End PBXNativeTarget section */

/* Begin PBXProject section */
		0A7712EF1DF905AE0009867F /* Project object */ = {
			isa = PBXProject;
			attributes = {
				LastSwiftUpdateCheck = 1250;
				LastUpgradeCheck = 1020;
				ORGANIZATIONNAME = Kevin;
				TargetAttributes = {
					0A7712F71DF905AE0009867F = {
						CreatedOnToolsVersion = 8.1;
						LastSwiftMigration = 1020;
						ProvisioningStyle = Manual;
					};
					F11A01892719F1C2005F0353 = {
						CreatedOnToolsVersion = 12.5.1;
						ProvisioningStyle = Automatic;
					};
				};
			};
			buildConfigurationList = 0A7712F21DF905AE0009867F /* Build configuration list for PBXProject "Printer" */;
			compatibilityVersion = "Xcode 3.2";
			developmentRegion = en;
			hasScannedForEncodings = 0;
			knownRegions = (
				en,
				Base,
			);
			mainGroup = 0A7712EE1DF905AE0009867F;
			productRefGroup = 0A7712F91DF905AE0009867F /* Products */;
			projectDirPath = "";
			projectRoot = "";
			targets = (
				0A7712F71DF905AE0009867F /* Printer */,
				F11A01892719F1C2005F0353 /* PrinterTests */,
			);
		};
/* End PBXProject section */

/* Begin PBXResourcesBuildPhase section */
		0A7712F61DF905AE0009867F /* Resources */ = {
			isa = PBXResourcesBuildPhase;
			buildActionMask = 2147483647;
			files = (
				F135FDAD2719F94B0071E64B /* README.md in Resources */,
			);
			runOnlyForDeploymentPostprocessing = 0;
		};
		F11A01882719F1C2005F0353 /* Resources */ = {
			isa = PBXResourcesBuildPhase;
			buildActionMask = 2147483647;
			files = (
			);
			runOnlyForDeploymentPostprocessing = 0;
		};
/* End PBXResourcesBuildPhase section */

/* Begin PBXSourcesBuildPhase section */
		0A7712F31DF905AE0009867F /* Sources */ = {
			isa = PBXSourcesBuildPhase;
			buildActionMask = 2147483647;
			files = (
				5BD9B60422EE1B4900174ABA /* BluetoothPrinterSelectTableViewController.swift in Sources */,
				5BD9B60622EE1B4900174ABA /* BluetoothPrinterManager.swift in Sources */,
				5BD9B60E22EE1B4900174ABA /* Block.swift in Sources */,
				5BD9B60A22EE1B4900174ABA /* Dividing.swift in Sources */,
				5BD9B60522EE1B4900174ABA /* BluetoothCentralManagerDelegate.swift in Sources */,
				5BD9B61122EE1B4900174ABA /* QRCode.swift in Sources */,
				5BD9B60922EE1B4900174ABA /* Printable.swift in Sources */,
				5BD9B60722EE1B4900174ABA /* BluetoothPeripheralDelegate.swift in Sources */,
				5BD9B61022EE1B4900174ABA /* Ticket.swift in Sources */,
				5BD9B60F22EE1B4900174ABA /* Image.swift in Sources */,
				5BD9B60B22EE1B4900174ABA /* ESC_POSCommand.swift in Sources */,
				5BD9B61222EE1B4900174ABA /* Text.swift in Sources */,
				5BD9B60D22EE1B4900174ABA /* TicketImage.swift in Sources */,
				5BD9B60822EE1B4900174ABA /* PrinterError.swift in Sources */,
				5BD9B60222EE1B4900174ABA /* DummyPrinter.swift in Sources */,
				5BD9B60C22EE1B4900174ABA /* Blank.swift in Sources */,
				5BD9B60322EE1B4900174ABA /* Todo.swift in Sources */,
			);
			runOnlyForDeploymentPostprocessing = 0;
		};
		F11A01862719F1C2005F0353 /* Sources */ = {
			isa = PBXSourcesBuildPhase;
			buildActionMask = 2147483647;
			files = (
				F11A018D2719F1C2005F0353 /* PrinterTests.swift in Sources */,
			);
			runOnlyForDeploymentPostprocessing = 0;
		};
/* End PBXSourcesBuildPhase section */

/* Begin PBXTargetDependency section */
		F11A01912719F1C2005F0353 /* PBXTargetDependency */ = {
			isa = PBXTargetDependency;
			target = 0A7712F71DF905AE0009867F /* Printer */;
			targetProxy = F11A01902719F1C2005F0353 /* PBXContainerItemProxy */;
		};
/* End PBXTargetDependency section */

/* Begin XCBuildConfiguration section */
		0A77130A1DF905AE0009867F /* Debug */ = {
			isa = XCBuildConfiguration;
			buildSettings = {
				ALWAYS_SEARCH_USER_PATHS = NO;
				CLANG_ANALYZER_LOCALIZABILITY_NONLOCALIZED = YES;
				CLANG_ANALYZER_NONNULL = YES;
				CLANG_CXX_LANGUAGE_STANDARD = "gnu++0x";
				CLANG_CXX_LIBRARY = "libc++";
				CLANG_ENABLE_MODULES = YES;
				CLANG_ENABLE_OBJC_ARC = YES;
				CLANG_WARN_BLOCK_CAPTURE_AUTORELEASING = YES;
				CLANG_WARN_BOOL_CONVERSION = YES;
				CLANG_WARN_COMMA = YES;
				CLANG_WARN_CONSTANT_CONVERSION = YES;
				CLANG_WARN_DEPRECATED_OBJC_IMPLEMENTATIONS = YES;
				CLANG_WARN_DIRECT_OBJC_ISA_USAGE = YES_ERROR;
				CLANG_WARN_DOCUMENTATION_COMMENTS = YES;
				CLANG_WARN_EMPTY_BODY = YES;
				CLANG_WARN_ENUM_CONVERSION = YES;
				CLANG_WARN_INFINITE_RECURSION = YES;
				CLANG_WARN_INT_CONVERSION = YES;
				CLANG_WARN_NON_LITERAL_NULL_CONVERSION = YES;
				CLANG_WARN_OBJC_IMPLICIT_RETAIN_SELF = YES;
				CLANG_WARN_OBJC_LITERAL_CONVERSION = YES;
				CLANG_WARN_OBJC_ROOT_CLASS = YES_ERROR;
				CLANG_WARN_RANGE_LOOP_ANALYSIS = YES;
				CLANG_WARN_STRICT_PROTOTYPES = YES;
				CLANG_WARN_SUSPICIOUS_MOVE = YES;
				CLANG_WARN_SUSPICIOUS_MOVES = YES;
				CLANG_WARN_UNREACHABLE_CODE = YES;
				CLANG_WARN__DUPLICATE_METHOD_MATCH = YES;
				"CODE_SIGN_IDENTITY[sdk=iphoneos*]" = "iPhone Developer";
				COPY_PHASE_STRIP = NO;
				CURRENT_PROJECT_VERSION = 101;
				DEBUG_INFORMATION_FORMAT = dwarf;
				ENABLE_STRICT_OBJC_MSGSEND = YES;
				ENABLE_TESTABILITY = YES;
				GCC_C_LANGUAGE_STANDARD = gnu99;
				GCC_DYNAMIC_NO_PIC = NO;
				GCC_NO_COMMON_BLOCKS = YES;
				GCC_OPTIMIZATION_LEVEL = 0;
				GCC_PREPROCESSOR_DEFINITIONS = (
					"DEBUG=1",
					"$(inherited)",
				);
				GCC_WARN_64_TO_32_BIT_CONVERSION = YES;
				GCC_WARN_ABOUT_RETURN_TYPE = YES_ERROR;
				GCC_WARN_UNDECLARED_SELECTOR = YES;
				GCC_WARN_UNINITIALIZED_AUTOS = YES_AGGRESSIVE;
				GCC_WARN_UNUSED_FUNCTION = YES;
				GCC_WARN_UNUSED_VARIABLE = YES;
				IPHONEOS_DEPLOYMENT_TARGET = 9.0;
				MTL_ENABLE_DEBUG_INFO = YES;
				ONLY_ACTIVE_ARCH = YES;
				SDKROOT = iphoneos;
				SWIFT_ACTIVE_COMPILATION_CONDITIONS = DEBUG;
				SWIFT_OPTIMIZATION_LEVEL = "-Onone";
				TARGETED_DEVICE_FAMILY = "1,2";
				VERSIONING_SYSTEM = "apple-generic";
				VERSION_INFO_PREFIX = "";
			};
			name = Debug;
		};
		0A77130B1DF905AE0009867F /* Release */ = {
			isa = XCBuildConfiguration;
			buildSettings = {
				ALWAYS_SEARCH_USER_PATHS = NO;
				CLANG_ANALYZER_LOCALIZABILITY_NONLOCALIZED = YES;
				CLANG_ANALYZER_NONNULL = YES;
				CLANG_CXX_LANGUAGE_STANDARD = "gnu++0x";
				CLANG_CXX_LIBRARY = "libc++";
				CLANG_ENABLE_MODULES = YES;
				CLANG_ENABLE_OBJC_ARC = YES;
				CLANG_WARN_BLOCK_CAPTURE_AUTORELEASING = YES;
				CLANG_WARN_BOOL_CONVERSION = YES;
				CLANG_WARN_COMMA = YES;
				CLANG_WARN_CONSTANT_CONVERSION = YES;
				CLANG_WARN_DEPRECATED_OBJC_IMPLEMENTATIONS = YES;
				CLANG_WARN_DIRECT_OBJC_ISA_USAGE = YES_ERROR;
				CLANG_WARN_DOCUMENTATION_COMMENTS = YES;
				CLANG_WARN_EMPTY_BODY = YES;
				CLANG_WARN_ENUM_CONVERSION = YES;
				CLANG_WARN_INFINITE_RECURSION = YES;
				CLANG_WARN_INT_CONVERSION = YES;
				CLANG_WARN_NON_LITERAL_NULL_CONVERSION = YES;
				CLANG_WARN_OBJC_IMPLICIT_RETAIN_SELF = YES;
				CLANG_WARN_OBJC_LITERAL_CONVERSION = YES;
				CLANG_WARN_OBJC_ROOT_CLASS = YES_ERROR;
				CLANG_WARN_RANGE_LOOP_ANALYSIS = YES;
				CLANG_WARN_STRICT_PROTOTYPES = YES;
				CLANG_WARN_SUSPICIOUS_MOVE = YES;
				CLANG_WARN_SUSPICIOUS_MOVES = YES;
				CLANG_WARN_UNREACHABLE_CODE = YES;
				CLANG_WARN__DUPLICATE_METHOD_MATCH = YES;
				"CODE_SIGN_IDENTITY[sdk=iphoneos*]" = "iPhone Developer";
				COPY_PHASE_STRIP = NO;
				CURRENT_PROJECT_VERSION = 101;
				DEBUG_INFORMATION_FORMAT = "dwarf-with-dsym";
				ENABLE_NS_ASSERTIONS = NO;
				ENABLE_STRICT_OBJC_MSGSEND = YES;
				GCC_C_LANGUAGE_STANDARD = gnu99;
				GCC_NO_COMMON_BLOCKS = YES;
				GCC_WARN_64_TO_32_BIT_CONVERSION = YES;
				GCC_WARN_ABOUT_RETURN_TYPE = YES_ERROR;
				GCC_WARN_UNDECLARED_SELECTOR = YES;
				GCC_WARN_UNINITIALIZED_AUTOS = YES_AGGRESSIVE;
				GCC_WARN_UNUSED_FUNCTION = YES;
				GCC_WARN_UNUSED_VARIABLE = YES;
				IPHONEOS_DEPLOYMENT_TARGET = 9.0;
				MTL_ENABLE_DEBUG_INFO = NO;
				SDKROOT = iphoneos;
				SWIFT_OPTIMIZATION_LEVEL = "-Owholemodule";
				TARGETED_DEVICE_FAMILY = "1,2";
				VALIDATE_PRODUCT = YES;
				VERSIONING_SYSTEM = "apple-generic";
				VERSION_INFO_PREFIX = "";
			};
			name = Release;
		};
		0A77130D1DF905AE0009867F /* Debug */ = {
			isa = XCBuildConfiguration;
			buildSettings = {
				BUILD_LIBRARY_FOR_DISTRIBUTION = YES;
				CLANG_ENABLE_MODULES = YES;
				CODE_SIGN_IDENTITY = "";
				CODE_SIGN_STYLE = Manual;
				CURRENT_PROJECT_VERSION = 102;
				DEFINES_MODULE = YES;
				DEVELOPMENT_TEAM = "";
				DYLIB_COMPATIBILITY_VERSION = 1;
				DYLIB_CURRENT_VERSION = 101;
				DYLIB_INSTALL_NAME_BASE = "@rpath";
				INFOPLIST_FILE = Sources/Printer/Info.plist;
				INSTALL_PATH = "$(LOCAL_LIBRARY_DIR)/Frameworks";
				IPHONEOS_DEPLOYMENT_TARGET = 9.0;
				LD_RUNPATH_SEARCH_PATHS = "$(inherited) @executable_path/Frameworks @loader_path/Frameworks";
				MARKETING_VERSION = 4.1.0;
				PRODUCT_BUNDLE_IDENTIFIER = com.KevinGong.Printer;
				PRODUCT_NAME = "$(TARGET_NAME)";
				PROVISIONING_PROFILE_SPECIFIER = "";
				SKIP_INSTALL = YES;
				SWIFT_OPTIMIZATION_LEVEL = "-Onone";
				SWIFT_VERSION = 5.0;
			};
			name = Debug;
		};
		0A77130E1DF905AE0009867F /* Release */ = {
			isa = XCBuildConfiguration;
			buildSettings = {
				BUILD_LIBRARY_FOR_DISTRIBUTION = YES;
				CLANG_ENABLE_MODULES = YES;
				CODE_SIGN_IDENTITY = "";
				CODE_SIGN_STYLE = Manual;
				CURRENT_PROJECT_VERSION = 102;
				DEFINES_MODULE = YES;
				DEVELOPMENT_TEAM = "";
				DYLIB_COMPATIBILITY_VERSION = 1;
				DYLIB_CURRENT_VERSION = 101;
				DYLIB_INSTALL_NAME_BASE = "@rpath";
				INFOPLIST_FILE = Sources/Printer/Info.plist;
				INSTALL_PATH = "$(LOCAL_LIBRARY_DIR)/Frameworks";
				IPHONEOS_DEPLOYMENT_TARGET = 9.0;
				LD_RUNPATH_SEARCH_PATHS = "$(inherited) @executable_path/Frameworks @loader_path/Frameworks";
				MARKETING_VERSION = 4.1.0;
				PRODUCT_BUNDLE_IDENTIFIER = com.KevinGong.Printer;
				PRODUCT_NAME = "$(TARGET_NAME)";
				PROVISIONING_PROFILE_SPECIFIER = "";
				SKIP_INSTALL = YES;
				SWIFT_VERSION = 5.0;
			};
			name = Release;
		};
		F11A01932719F1C2005F0353 /* Debug */ = {
			isa = XCBuildConfiguration;
			buildSettings = {
				CLANG_ANALYZER_NUMBER_OBJECT_CONVERSION = YES_AGGRESSIVE;
				CLANG_CXX_LANGUAGE_STANDARD = "gnu++14";
				CLANG_ENABLE_OBJC_WEAK = YES;
				CLANG_WARN_QUOTED_INCLUDE_IN_FRAMEWORK_HEADER = YES;
				CLANG_WARN_UNGUARDED_AVAILABILITY = YES_AGGRESSIVE;
				CODE_SIGN_STYLE = Automatic;
				GCC_C_LANGUAGE_STANDARD = gnu11;
				INFOPLIST_FILE = Tests/PrinterTests/Info.plist;
				IPHONEOS_DEPLOYMENT_TARGET = 14.5;
				LD_RUNPATH_SEARCH_PATHS = "$(inherited) @executable_path/Frameworks @loader_path/Frameworks";
				MTL_ENABLE_DEBUG_INFO = INCLUDE_SOURCE;
				MTL_FAST_MATH = YES;
				PRODUCT_BUNDLE_IDENTIFIER = mx.com.SrPago.PrinterTests;
				PRODUCT_NAME = "$(TARGET_NAME)";
				SWIFT_VERSION = 5.0;
				TARGETED_DEVICE_FAMILY = "1,2";
			};
			name = Debug;
		};
		F11A01942719F1C2005F0353 /* Release */ = {
			isa = XCBuildConfiguration;
			buildSettings = {
				CLANG_ANALYZER_NUMBER_OBJECT_CONVERSION = YES_AGGRESSIVE;
				CLANG_CXX_LANGUAGE_STANDARD = "gnu++14";
				CLANG_ENABLE_OBJC_WEAK = YES;
				CLANG_WARN_QUOTED_INCLUDE_IN_FRAMEWORK_HEADER = YES;
				CLANG_WARN_UNGUARDED_AVAILABILITY = YES_AGGRESSIVE;
				CODE_SIGN_STYLE = Automatic;
				GCC_C_LANGUAGE_STANDARD = gnu11;
				INFOPLIST_FILE = Tests/PrinterTests/Info.plist;
				IPHONEOS_DEPLOYMENT_TARGET = 14.5;
				LD_RUNPATH_SEARCH_PATHS = "$(inherited) @executable_path/Frameworks @loader_path/Frameworks";
				MTL_FAST_MATH = YES;
				PRODUCT_BUNDLE_IDENTIFIER = mx.com.SrPago.PrinterTests;
				PRODUCT_NAME = "$(TARGET_NAME)";
				SWIFT_VERSION = 5.0;
				TARGETED_DEVICE_FAMILY = "1,2";
			};
			name = Release;
		};
/* End XCBuildConfiguration section */

/* Begin XCConfigurationList section */
		0A7712F21DF905AE0009867F /* Build configuration list for PBXProject "Printer" */ = {
			isa = XCConfigurationList;
			buildConfigurations = (
				0A77130A1DF905AE0009867F /* Debug */,
				0A77130B1DF905AE0009867F /* Release */,
			);
			defaultConfigurationIsVisible = 0;
			defaultConfigurationName = Release;
		};
		0A77130C1DF905AE0009867F /* Build configuration list for PBXNativeTarget "Printer" */ = {
			isa = XCConfigurationList;
			buildConfigurations = (
				0A77130D1DF905AE0009867F /* Debug */,
				0A77130E1DF905AE0009867F /* Release */,
			);
			defaultConfigurationIsVisible = 0;
			defaultConfigurationName = Release;
		};
		F11A01922719F1C2005F0353 /* Build configuration list for PBXNativeTarget "PrinterTests" */ = {
			isa = XCConfigurationList;
			buildConfigurations = (
				F11A01932719F1C2005F0353 /* Debug */,
				F11A01942719F1C2005F0353 /* Release */,
			);
			defaultConfigurationIsVisible = 0;
			defaultConfigurationName = Release;
		};
/* End XCConfigurationList section */
	};
	rootObject = 0A7712EF1DF905AE0009867F /* Project object */;
}
